// !$*UTF8*$!
{
	archiveVersion = 1;
	classes = {
	};
	objectVersion = 48;
	objects = {

/* Begin PBXBuildFile section */
		838A32B1A1BF0A11DA98562B /* Pods_bio.framework in Frameworks */ = {isa = PBXBuildFile; fileRef = 3B61A8761547772B04CBED26 /* Pods_bio.framework */; };
		9810B1D3203857A700093EBC /* FadeTableViewController.swift in Sources */ = {isa = PBXBuildFile; fileRef = 9810B1D2203857A700093EBC /* FadeTableViewController.swift */; };
		9811E5BD200E79D4003F54EC /* CinemaHeader.swift in Sources */ = {isa = PBXBuildFile; fileRef = 9811E5BC200E79D4003F54EC /* CinemaHeader.swift */; };
		981CAF7C203B3B3B00065591 /* FloatingCircle.swift in Sources */ = {isa = PBXBuildFile; fileRef = 981CAF7B203B3B3B00065591 /* FloatingCircle.swift */; };
		981F04F9203C883E004944B6 /* DataStore.swift in Sources */ = {isa = PBXBuildFile; fileRef = 981F04F8203C883E004944B6 /* DataStore.swift */; };
		98227635200E4DEC00839E4D /* Screening.swift in Sources */ = {isa = PBXBuildFile; fileRef = 98227634200E4DEC00839E4D /* Screening.swift */; };
		98227637200E4F7F00839E4D /* Schedule.swift in Sources */ = {isa = PBXBuildFile; fileRef = 98227636200E4F7F00839E4D /* Schedule.swift */; };
		983AF2A32037C9BB00F88A69 /* GradientView.swift in Sources */ = {isa = PBXBuildFile; fileRef = 983AF2A22037C9BB00F88A69 /* GradientView.swift */; };
		9849B7C1200C1A49003DC853 /* ShowtimeDetailViewController.swift in Sources */ = {isa = PBXBuildFile; fileRef = 9849B7C0200C1A49003DC853 /* ShowtimeDetailViewController.swift */; };
		9849B7C3200C2CE0003DC853 /* MovieView.swift in Sources */ = {isa = PBXBuildFile; fileRef = 9849B7C2200C2CE0003DC853 /* MovieView.swift */; };
		98584889203E40BE00C7E54B /* TouchGestureRecognizer.swift in Sources */ = {isa = PBXBuildFile; fileRef = 98584888203E40BE00C7E54B /* TouchGestureRecognizer.swift */; };
		9869092E203305650074B7DD /* UpcomingCell.swift in Sources */ = {isa = PBXBuildFile; fileRef = 9869092D203305650074B7DD /* UpcomingCell.swift */; };
		986E927D203700D800C2368B /* MovieCell.swift in Sources */ = {isa = PBXBuildFile; fileRef = 986E927C203700D800C2368B /* MovieCell.swift */; };
		9873FF5C203B26CA00E49E18 /* TabBarController.swift in Sources */ = {isa = PBXBuildFile; fileRef = 9873FF5B203B26CA00E49E18 /* TabBarController.swift */; };
		989824B62033126F00248F87 /* Utils.swift in Sources */ = {isa = PBXBuildFile; fileRef = 989824B52033126F00248F87 /* Utils.swift */; };
		989824B92033217D00248F87 /* PosterView.swift in Sources */ = {isa = PBXBuildFile; fileRef = 989824B82033217D00248F87 /* PosterView.swift */; };
		989DCC962020BED5003E020C /* IMDbRatingView.swift in Sources */ = {isa = PBXBuildFile; fileRef = 989DCC952020BED5003E020C /* IMDbRatingView.swift */; };
		98A4C19C2030E55200BD8812 /* UpcomingTableViewController.swift in Sources */ = {isa = PBXBuildFile; fileRef = 98A4C19B2030E55200BD8812 /* UpcomingTableViewController.swift */; };
		98B702D62019E96600289F3D /* ScheduleCell.swift in Sources */ = {isa = PBXBuildFile; fileRef = 98B702D52019E96600289F3D /* ScheduleCell.swift */; };
		98B702D82019F42300289F3D /* ScreeningCell.swift in Sources */ = {isa = PBXBuildFile; fileRef = 98B702D72019F42300289F3D /* ScreeningCell.swift */; };
		98B98BEB2009430F007009A4 /* Myriad Pro Bold Condensed.ttf in Resources */ = {isa = PBXBuildFile; fileRef = 98B98BEA2009430F007009A4 /* Myriad Pro Bold Condensed.ttf */; };
		98BCEED22007CC950014A521 /* ShowtimeCell.swift in Sources */ = {isa = PBXBuildFile; fileRef = 98BCEED12007CC950014A521 /* ShowtimeCell.swift */; };
		98BCEED42007CF420014A521 /* Extensions.swift in Sources */ = {isa = PBXBuildFile; fileRef = 98BCEED32007CF420014A521 /* Extensions.swift */; };
		98BDA58C20078FE900A26A40 /* Api.swift in Sources */ = {isa = PBXBuildFile; fileRef = 98BDA58B20078FE900A26A40 /* Api.swift */; };
		98BDA58E2007928F00A26A40 /* ShowtimeTableViewController.swift in Sources */ = {isa = PBXBuildFile; fileRef = 98BDA58D2007928F00A26A40 /* ShowtimeTableViewController.swift */; };
		98BDA591200794F900A26A40 /* Movie.swift in Sources */ = {isa = PBXBuildFile; fileRef = 98BDA590200794F900A26A40 /* Movie.swift */; };
		98E68B3A2007899900C55173 /* AppDelegate.swift in Sources */ = {isa = PBXBuildFile; fileRef = 98E68B392007899900C55173 /* AppDelegate.swift */; };
		98E68B412007899900C55173 /* Assets.xcassets in Resources */ = {isa = PBXBuildFile; fileRef = 98E68B402007899900C55173 /* Assets.xcassets */; };
		98E68B442007899900C55173 /* LaunchScreen.storyboard in Resources */ = {isa = PBXBuildFile; fileRef = 98E68B422007899900C55173 /* LaunchScreen.storyboard */; };
		98E947D72035E44700AB7234 /* NotificationManager.swift in Sources */ = {isa = PBXBuildFile; fileRef = 98E947D62035E44700AB7234 /* NotificationManager.swift */; };
/* End PBXBuildFile section */

/* Begin PBXFileReference section */
		3B61A8761547772B04CBED26 /* Pods_bio.framework */ = {isa = PBXFileReference; explicitFileType = wrapper.framework; includeInIndex = 0; path = Pods_bio.framework; sourceTree = BUILT_PRODUCTS_DIR; };
		5A17475041786E60A319C148 /* Pods-bio.debug.xcconfig */ = {isa = PBXFileReference; includeInIndex = 1; lastKnownFileType = text.xcconfig; name = "Pods-bio.debug.xcconfig"; path = "Pods/Target Support Files/Pods-bio/Pods-bio.debug.xcconfig"; sourceTree = "<group>"; };
		794112E55412391B1CA68A2E /* Pods-bio.release.xcconfig */ = {isa = PBXFileReference; includeInIndex = 1; lastKnownFileType = text.xcconfig; name = "Pods-bio.release.xcconfig"; path = "Pods/Target Support Files/Pods-bio/Pods-bio.release.xcconfig"; sourceTree = "<group>"; };
		9810B1D2203857A700093EBC /* FadeTableViewController.swift */ = {isa = PBXFileReference; lastKnownFileType = sourcecode.swift; path = FadeTableViewController.swift; sourceTree = "<group>"; };
		9811E5BC200E79D4003F54EC /* CinemaHeader.swift */ = {isa = PBXFileReference; lastKnownFileType = sourcecode.swift; path = CinemaHeader.swift; sourceTree = "<group>"; };
		981CAF7B203B3B3B00065591 /* FloatingCircle.swift */ = {isa = PBXFileReference; lastKnownFileType = sourcecode.swift; path = FloatingCircle.swift; sourceTree = "<group>"; };
		981F04F8203C883E004944B6 /* DataStore.swift */ = {isa = PBXFileReference; lastKnownFileType = sourcecode.swift; name = DataStore.swift; path = "/Users/bjornorri/Documents/bio-ios/bio/DataStore.swift"; sourceTree = "<absolute>"; };
		98227634200E4DEC00839E4D /* Screening.swift */ = {isa = PBXFileReference; lastKnownFileType = sourcecode.swift; path = Screening.swift; sourceTree = "<group>"; };
		98227636200E4F7F00839E4D /* Schedule.swift */ = {isa = PBXFileReference; lastKnownFileType = sourcecode.swift; path = Schedule.swift; sourceTree = "<group>"; };
		983AF2A22037C9BB00F88A69 /* GradientView.swift */ = {isa = PBXFileReference; lastKnownFileType = sourcecode.swift; path = GradientView.swift; sourceTree = "<group>"; };
		9849B7C0200C1A49003DC853 /* ShowtimeDetailViewController.swift */ = {isa = PBXFileReference; lastKnownFileType = sourcecode.swift; path = ShowtimeDetailViewController.swift; sourceTree = "<group>"; };
		9849B7C2200C2CE0003DC853 /* MovieView.swift */ = {isa = PBXFileReference; lastKnownFileType = sourcecode.swift; path = MovieView.swift; sourceTree = "<group>"; };
		98584888203E40BE00C7E54B /* TouchGestureRecognizer.swift */ = {isa = PBXFileReference; lastKnownFileType = sourcecode.swift; path = TouchGestureRecognizer.swift; sourceTree = "<group>"; };
		9869092D203305650074B7DD /* UpcomingCell.swift */ = {isa = PBXFileReference; lastKnownFileType = sourcecode.swift; path = UpcomingCell.swift; sourceTree = "<group>"; };
		986E927C203700D800C2368B /* MovieCell.swift */ = {isa = PBXFileReference; lastKnownFileType = sourcecode.swift; path = MovieCell.swift; sourceTree = "<group>"; };
		9873FF5B203B26CA00E49E18 /* TabBarController.swift */ = {isa = PBXFileReference; lastKnownFileType = sourcecode.swift; path = TabBarController.swift; sourceTree = "<group>"; };
		989824B52033126F00248F87 /* Utils.swift */ = {isa = PBXFileReference; lastKnownFileType = sourcecode.swift; path = Utils.swift; sourceTree = "<group>"; };
		989824B82033217D00248F87 /* PosterView.swift */ = {isa = PBXFileReference; lastKnownFileType = sourcecode.swift; path = PosterView.swift; sourceTree = "<group>"; };
		989DCC952020BED5003E020C /* IMDbRatingView.swift */ = {isa = PBXFileReference; lastKnownFileType = sourcecode.swift; path = IMDbRatingView.swift; sourceTree = "<group>"; };
		98A4C19B2030E55200BD8812 /* UpcomingTableViewController.swift */ = {isa = PBXFileReference; lastKnownFileType = sourcecode.swift; path = UpcomingTableViewController.swift; sourceTree = "<group>"; };
		98B702D52019E96600289F3D /* ScheduleCell.swift */ = {isa = PBXFileReference; fileEncoding = 4; lastKnownFileType = sourcecode.swift; path = ScheduleCell.swift; sourceTree = "<group>"; };
		98B702D72019F42300289F3D /* ScreeningCell.swift */ = {isa = PBXFileReference; lastKnownFileType = sourcecode.swift; path = ScreeningCell.swift; sourceTree = "<group>"; };
		98B98BEA2009430F007009A4 /* Myriad Pro Bold Condensed.ttf */ = {isa = PBXFileReference; lastKnownFileType = file; path = "Myriad Pro Bold Condensed.ttf"; sourceTree = "<group>"; };
		98BCEED12007CC950014A521 /* ShowtimeCell.swift */ = {isa = PBXFileReference; lastKnownFileType = sourcecode.swift; path = ShowtimeCell.swift; sourceTree = "<group>"; };
		98BCEED32007CF420014A521 /* Extensions.swift */ = {isa = PBXFileReference; lastKnownFileType = sourcecode.swift; path = Extensions.swift; sourceTree = "<group>"; };
		98BDA58B20078FE900A26A40 /* Api.swift */ = {isa = PBXFileReference; lastKnownFileType = sourcecode.swift; path = Api.swift; sourceTree = "<group>"; };
		98BDA58D2007928F00A26A40 /* ShowtimeTableViewController.swift */ = {isa = PBXFileReference; lastKnownFileType = sourcecode.swift; path = ShowtimeTableViewController.swift; sourceTree = "<group>"; };
		98BDA590200794F900A26A40 /* Movie.swift */ = {isa = PBXFileReference; lastKnownFileType = sourcecode.swift; path = Movie.swift; sourceTree = "<group>"; };
		98E68B362007899900C55173 /* bio.app */ = {isa = PBXFileReference; explicitFileType = wrapper.application; includeInIndex = 0; path = bio.app; sourceTree = BUILT_PRODUCTS_DIR; };
		98E68B392007899900C55173 /* AppDelegate.swift */ = {isa = PBXFileReference; lastKnownFileType = sourcecode.swift; path = AppDelegate.swift; sourceTree = "<group>"; };
		98E68B402007899900C55173 /* Assets.xcassets */ = {isa = PBXFileReference; lastKnownFileType = folder.assetcatalog; path = Assets.xcassets; sourceTree = "<group>"; };
		98E68B432007899900C55173 /* Base */ = {isa = PBXFileReference; lastKnownFileType = file.storyboard; name = Base; path = Base.lproj/LaunchScreen.storyboard; sourceTree = "<group>"; };
		98E68B452007899900C55173 /* Info.plist */ = {isa = PBXFileReference; lastKnownFileType = text.plist.xml; path = Info.plist; sourceTree = "<group>"; };
		98E947D52035E29800AB7234 /* bio.entitlements */ = {isa = PBXFileReference; lastKnownFileType = text.plist.entitlements; path = bio.entitlements; sourceTree = "<group>"; };
		98E947D62035E44700AB7234 /* NotificationManager.swift */ = {isa = PBXFileReference; lastKnownFileType = sourcecode.swift; path = NotificationManager.swift; sourceTree = "<group>"; };
		A14708D989CDBED02ABB6FA2 /* Pods-bio.debug.xcconfig */ = {isa = PBXFileReference; includeInIndex = 1; lastKnownFileType = text.xcconfig; name = "Pods-bio.debug.xcconfig"; path = "Pods/Target Support Files/Pods-bio/Pods-bio.debug.xcconfig"; sourceTree = "<group>"; };
		AACA68EFA65E12033ACC19B5 /* Pods-bio.release.xcconfig */ = {isa = PBXFileReference; includeInIndex = 1; lastKnownFileType = text.xcconfig; name = "Pods-bio.release.xcconfig"; path = "Pods/Target Support Files/Pods-bio/Pods-bio.release.xcconfig"; sourceTree = "<group>"; };
/* End PBXFileReference section */

/* Begin PBXFrameworksBuildPhase section */
		98E68B332007899900C55173 /* Frameworks */ = {
			isa = PBXFrameworksBuildPhase;
			buildActionMask = 2147483647;
			files = (
				838A32B1A1BF0A11DA98562B /* Pods_bio.framework in Frameworks */,
			);
			runOnlyForDeploymentPostprocessing = 0;
		};
/* End PBXFrameworksBuildPhase section */

/* Begin PBXGroup section */
		6D796DFEDB61495A7848489B /* Pods */ = {
			isa = PBXGroup;
			children = (
				A14708D989CDBED02ABB6FA2 /* Pods-bio.debug.xcconfig */,
				794112E55412391B1CA68A2E /* Pods-bio.release.xcconfig */,
			);
			name = Pods;
			path = ..;
			sourceTree = "<group>";
		};
		922035FEDEEC464EF1ABBE4C /* Pods */ = {
			isa = PBXGroup;
			children = (
				5A17475041786E60A319C148 /* Pods-bio.debug.xcconfig */,
				AACA68EFA65E12033ACC19B5 /* Pods-bio.release.xcconfig */,
			);
			name = Pods;
			sourceTree = "<group>";
		};
		989824B72033215D00248F87 /* Views */ = {
			isa = PBXGroup;
			children = (
				9810B1D2203857A700093EBC /* FadeTableViewController.swift */,
				989DCC952020BED5003E020C /* IMDbRatingView.swift */,
				989824B82033217D00248F87 /* PosterView.swift */,
				981CAF7B203B3B3B00065591 /* FloatingCircle.swift */,
				986E927C203700D800C2368B /* MovieCell.swift */,
				983AF2A22037C9BB00F88A69 /* GradientView.swift */,
			);
			path = Views;
			sourceTree = "<group>";
		};
		98A4C19A2030E50F00BD8812 /* Upcoming */ = {
			isa = PBXGroup;
			children = (
				98A4C19B2030E55200BD8812 /* UpcomingTableViewController.swift */,
				9869092D203305650074B7DD /* UpcomingCell.swift */,
			);
			path = Upcoming;
			sourceTree = "<group>";
		};
		98B98BE9200942E1007009A4 /* Fonts */ = {
			isa = PBXGroup;
			children = (
				98B98BEA2009430F007009A4 /* Myriad Pro Bold Condensed.ttf */,
			);
			path = Fonts;
			sourceTree = "<group>";
		};
		98BDA58A20078F8B00A26A40 /* Showtimes */ = {
			isa = PBXGroup;
			children = (
				98BDA58D2007928F00A26A40 /* ShowtimeTableViewController.swift */,
				98BCEED12007CC950014A521 /* ShowtimeCell.swift */,
				9849B7C0200C1A49003DC853 /* ShowtimeDetailViewController.swift */,
				9849B7C2200C2CE0003DC853 /* MovieView.swift */,
				9811E5BC200E79D4003F54EC /* CinemaHeader.swift */,
				98B702D52019E96600289F3D /* ScheduleCell.swift */,
				98B702D72019F42300289F3D /* ScreeningCell.swift */,
			);
			path = Showtimes;
			sourceTree = "<group>";
		};
		98BDA58F200793FB00A26A40 /* Models */ = {
			isa = PBXGroup;
			children = (
				98BDA590200794F900A26A40 /* Movie.swift */,
				98227636200E4F7F00839E4D /* Schedule.swift */,
				98227634200E4DEC00839E4D /* Screening.swift */,
			);
			path = Models;
			sourceTree = "<group>";
		};
		98E68B2D2007899900C55173 = {
			isa = PBXGroup;
			children = (
				98E68B382007899900C55173 /* bio */,
				98E68B372007899900C55173 /* Products */,
				FBBDC065E4BA10FD53B0E062 /* Frameworks */,
				922035FEDEEC464EF1ABBE4C /* Pods */,
			);
			sourceTree = "<group>";
		};
		98E68B372007899900C55173 /* Products */ = {
			isa = PBXGroup;
			children = (
				98E68B362007899900C55173 /* bio.app */,
			);
			name = Products;
			sourceTree = "<group>";
		};
		98E68B382007899900C55173 /* bio */ = {
			isa = PBXGroup;
			children = (
				98E947D52035E29800AB7234 /* bio.entitlements */,
				98E68B392007899900C55173 /* AppDelegate.swift */,
				98BDA58B20078FE900A26A40 /* Api.swift */,
				981F04F8203C883E004944B6 /* DataStore.swift */,
				98E947D62035E44700AB7234 /* NotificationManager.swift */,
				98BCEED32007CF420014A521 /* Extensions.swift */,
				989824B52033126F00248F87 /* Utils.swift */,
				9873FF5B203B26CA00E49E18 /* TabBarController.swift */,
				98584888203E40BE00C7E54B /* TouchGestureRecognizer.swift */,
				98BDA58F200793FB00A26A40 /* Models */,
				98BDA58A20078F8B00A26A40 /* Showtimes */,
				98A4C19A2030E50F00BD8812 /* Upcoming */,
				989824B72033215D00248F87 /* Views */,
				98E68B402007899900C55173 /* Assets.xcassets */,
				6D796DFEDB61495A7848489B /* Pods */,
				98B98BE9200942E1007009A4 /* Fonts */,
				98E68B422007899900C55173 /* LaunchScreen.storyboard */,
				98E68B452007899900C55173 /* Info.plist */,
			);
			path = bio;
			sourceTree = "<group>";
		};
		FBBDC065E4BA10FD53B0E062 /* Frameworks */ = {
			isa = PBXGroup;
			children = (
				3B61A8761547772B04CBED26 /* Pods_bio.framework */,
			);
			name = Frameworks;
			sourceTree = "<group>";
		};
/* End PBXGroup section */

/* Begin PBXNativeTarget section */
		98E68B352007899900C55173 /* bio */ = {
			isa = PBXNativeTarget;
			buildConfigurationList = 98E68B482007899900C55173 /* Build configuration list for PBXNativeTarget "bio" */;
			buildPhases = (
				42A177C1EA61F23D87DEB3BD /* [CP] Check Pods Manifest.lock */,
				98E68B322007899900C55173 /* Sources */,
				98E68B332007899900C55173 /* Frameworks */,
				98E68B342007899900C55173 /* Resources */,
				52564B71177027BA8A92B408 /* [CP] Embed Pods Frameworks */,
				55F4094A9DE707CE3A5DB4CD /* [CP] Copy Pods Resources */,
				9800AB952033563F00A03623 /* Fabric */,
			);
			buildRules = (
			);
			dependencies = (
			);
			name = bio;
			productName = bio;
			productReference = 98E68B362007899900C55173 /* bio.app */;
			productType = "com.apple.product-type.application";
		};
/* End PBXNativeTarget section */

/* Begin PBXProject section */
		98E68B2E2007899900C55173 /* Project object */ = {
			isa = PBXProject;
			attributes = {
				LastSwiftUpdateCheck = 0920;
				LastUpgradeCheck = 0920;
				ORGANIZATIONNAME = "Bjorn Orri Saemundsson";
				TargetAttributes = {
					98E68B352007899900C55173 = {
						CreatedOnToolsVersion = 9.2;
						ProvisioningStyle = Automatic;
						SystemCapabilities = {
							com.apple.Push = {
								enabled = 1;
							};
						};
					};
				};
			};
			buildConfigurationList = 98E68B312007899900C55173 /* Build configuration list for PBXProject "bio" */;
			compatibilityVersion = "Xcode 8.0";
			developmentRegion = en;
			hasScannedForEncodings = 0;
			knownRegions = (
				en,
				Base,
			);
			mainGroup = 98E68B2D2007899900C55173;
			productRefGroup = 98E68B372007899900C55173 /* Products */;
			projectDirPath = "";
			projectRoot = "";
			targets = (
				98E68B352007899900C55173 /* bio */,
			);
		};
/* End PBXProject section */

/* Begin PBXResourcesBuildPhase section */
		98E68B342007899900C55173 /* Resources */ = {
			isa = PBXResourcesBuildPhase;
			buildActionMask = 2147483647;
			files = (
				98E68B442007899900C55173 /* LaunchScreen.storyboard in Resources */,
				98E68B412007899900C55173 /* Assets.xcassets in Resources */,
				98B98BEB2009430F007009A4 /* Myriad Pro Bold Condensed.ttf in Resources */,
			);
			runOnlyForDeploymentPostprocessing = 0;
		};
/* End PBXResourcesBuildPhase section */

/* Begin PBXShellScriptBuildPhase section */
		42A177C1EA61F23D87DEB3BD /* [CP] Check Pods Manifest.lock */ = {
			isa = PBXShellScriptBuildPhase;
			buildActionMask = 2147483647;
			files = (
			);
			inputPaths = (
				"${PODS_PODFILE_DIR_PATH}/Podfile.lock",
				"${PODS_ROOT}/Manifest.lock",
			);
			name = "[CP] Check Pods Manifest.lock";
			outputPaths = (
				"$(DERIVED_FILE_DIR)/Pods-bio-checkManifestLockResult.txt",
			);
			runOnlyForDeploymentPostprocessing = 0;
			shellPath = /bin/sh;
			shellScript = "diff \"${PODS_PODFILE_DIR_PATH}/Podfile.lock\" \"${PODS_ROOT}/Manifest.lock\" > /dev/null\nif [ $? != 0 ] ; then\n    # print error to STDERR\n    echo \"error: The sandbox is not in sync with the Podfile.lock. Run 'pod install' or update your CocoaPods installation.\" >&2\n    exit 1\nfi\n# This output is used by Xcode 'outputs' to avoid re-running this script phase.\necho \"SUCCESS\" > \"${SCRIPT_OUTPUT_FILE_0}\"\n";
			showEnvVarsInLog = 0;
		};
		52564B71177027BA8A92B408 /* [CP] Embed Pods Frameworks */ = {
			isa = PBXShellScriptBuildPhase;
			buildActionMask = 2147483647;
			files = (
			);
			inputPaths = (
				"${SRCROOT}/Pods/Target Support Files/Pods-bio/Pods-bio-frameworks.sh",
				"${BUILT_PRODUCTS_DIR}/Alamofire/Alamofire.framework",
				"${BUILT_PRODUCTS_DIR}/Kingfisher/Kingfisher.framework",
				"${BUILT_PRODUCTS_DIR}/MMParallaxCell/MMParallaxCell.framework",
				"${BUILT_PRODUCTS_DIR}/RxCocoa/RxCocoa.framework",
				"${BUILT_PRODUCTS_DIR}/RxSwift/RxSwift.framework",
				"${BUILT_PRODUCTS_DIR}/SnapKit/SnapKit.framework",
				"${BUILT_PRODUCTS_DIR}/SwiftyJSON/SwiftyJSON.framework",
				"${BUILT_PRODUCTS_DIR}/XCDYouTubeKit/XCDYouTubeKit.framework",
				"${BUILT_PRODUCTS_DIR}/ionicons/ionicons.framework",
			);
			name = "[CP] Embed Pods Frameworks";
			outputPaths = (
				"${TARGET_BUILD_DIR}/${FRAMEWORKS_FOLDER_PATH}/Alamofire.framework",
				"${TARGET_BUILD_DIR}/${FRAMEWORKS_FOLDER_PATH}/Kingfisher.framework",
				"${TARGET_BUILD_DIR}/${FRAMEWORKS_FOLDER_PATH}/MMParallaxCell.framework",
				"${TARGET_BUILD_DIR}/${FRAMEWORKS_FOLDER_PATH}/RxCocoa.framework",
				"${TARGET_BUILD_DIR}/${FRAMEWORKS_FOLDER_PATH}/RxSwift.framework",
				"${TARGET_BUILD_DIR}/${FRAMEWORKS_FOLDER_PATH}/SnapKit.framework",
				"${TARGET_BUILD_DIR}/${FRAMEWORKS_FOLDER_PATH}/SwiftyJSON.framework",
				"${TARGET_BUILD_DIR}/${FRAMEWORKS_FOLDER_PATH}/XCDYouTubeKit.framework",
				"${TARGET_BUILD_DIR}/${FRAMEWORKS_FOLDER_PATH}/ionicons.framework",
			);
			runOnlyForDeploymentPostprocessing = 0;
			shellPath = /bin/sh;
			shellScript = "\"${SRCROOT}/Pods/Target Support Files/Pods-bio/Pods-bio-frameworks.sh\"\n";
			showEnvVarsInLog = 0;
		};
		55F4094A9DE707CE3A5DB4CD /* [CP] Copy Pods Resources */ = {
			isa = PBXShellScriptBuildPhase;
			buildActionMask = 2147483647;
			files = (
			);
			inputPaths = (
			);
			name = "[CP] Copy Pods Resources";
			outputPaths = (
			);
			runOnlyForDeploymentPostprocessing = 0;
			shellPath = /bin/sh;
			shellScript = "\"${SRCROOT}/Pods/Target Support Files/Pods-bio/Pods-bio-resources.sh\"\n";
			showEnvVarsInLog = 0;
		};
		9800AB952033563F00A03623 /* Fabric */ = {
			isa = PBXShellScriptBuildPhase;
			buildActionMask = 2147483647;
			files = (
			);
			inputPaths = (
			);
			name = Fabric;
			outputPaths = (
			);
			runOnlyForDeploymentPostprocessing = 0;
			shellPath = /bin/sh;
			shellScript = "\"${PODS_ROOT}/Fabric/run\" e88ef5fff5bc1cf5cee2fe84047effd2d38b79ca 690c8f232bf609c821367365a38462bc62587d6a13b1313e42cd55cfedab0485";
		};
/* End PBXShellScriptBuildPhase section */

/* Begin PBXSourcesBuildPhase section */
		98E68B322007899900C55173 /* Sources */ = {
			isa = PBXSourcesBuildPhase;
			buildActionMask = 2147483647;
			files = (
				98BDA58E2007928F00A26A40 /* ShowtimeTableViewController.swift in Sources */,
				98BCEED42007CF420014A521 /* Extensions.swift in Sources */,
				98E947D72035E44700AB7234 /* NotificationManager.swift in Sources */,
				98B702D82019F42300289F3D /* ScreeningCell.swift in Sources */,
				98227637200E4F7F00839E4D /* Schedule.swift in Sources */,
				9873FF5C203B26CA00E49E18 /* TabBarController.swift in Sources */,
				9810B1D3203857A700093EBC /* FadeTableViewController.swift in Sources */,
				9869092E203305650074B7DD /* UpcomingCell.swift in Sources */,
				9811E5BD200E79D4003F54EC /* CinemaHeader.swift in Sources */,
				98227635200E4DEC00839E4D /* Screening.swift in Sources */,
				9849B7C1200C1A49003DC853 /* ShowtimeDetailViewController.swift in Sources */,
				98BDA58C20078FE900A26A40 /* Api.swift in Sources */,
				98BDA591200794F900A26A40 /* Movie.swift in Sources */,
				981F04F9203C883E004944B6 /* DataStore.swift in Sources */,
				983AF2A32037C9BB00F88A69 /* GradientView.swift in Sources */,
				989DCC962020BED5003E020C /* IMDbRatingView.swift in Sources */,
				989824B62033126F00248F87 /* Utils.swift in Sources */,
				986E927D203700D800C2368B /* MovieCell.swift in Sources */,
				9849B7C3200C2CE0003DC853 /* MovieView.swift in Sources */,
				98E68B3A2007899900C55173 /* AppDelegate.swift in Sources */,
				98A4C19C2030E55200BD8812 /* UpcomingTableViewController.swift in Sources */,
				98584889203E40BE00C7E54B /* TouchGestureRecognizer.swift in Sources */,
				98B702D62019E96600289F3D /* ScheduleCell.swift in Sources */,
				981CAF7C203B3B3B00065591 /* FloatingCircle.swift in Sources */,
				98BCEED22007CC950014A521 /* ShowtimeCell.swift in Sources */,
				989824B92033217D00248F87 /* PosterView.swift in Sources */,
			);
			runOnlyForDeploymentPostprocessing = 0;
		};
/* End PBXSourcesBuildPhase section */

/* Begin PBXVariantGroup section */
		98E68B422007899900C55173 /* LaunchScreen.storyboard */ = {
			isa = PBXVariantGroup;
			children = (
				98E68B432007899900C55173 /* Base */,
			);
			name = LaunchScreen.storyboard;
			sourceTree = "<group>";
		};
/* End PBXVariantGroup section */

/* Begin XCBuildConfiguration section */
		98E68B462007899900C55173 /* Debug */ = {
			isa = XCBuildConfiguration;
			buildSettings = {
				ALWAYS_SEARCH_USER_PATHS = NO;
				CLANG_ANALYZER_NONNULL = YES;
				CLANG_ANALYZER_NUMBER_OBJECT_CONVERSION = YES_AGGRESSIVE;
				CLANG_CXX_LANGUAGE_STANDARD = "gnu++14";
				CLANG_CXX_LIBRARY = "libc++";
				CLANG_ENABLE_MODULES = YES;
				CLANG_ENABLE_OBJC_ARC = YES;
				CLANG_WARN_BLOCK_CAPTURE_AUTORELEASING = YES;
				CLANG_WARN_BOOL_CONVERSION = YES;
				CLANG_WARN_COMMA = YES;
				CLANG_WARN_CONSTANT_CONVERSION = YES;
				CLANG_WARN_DIRECT_OBJC_ISA_USAGE = YES_ERROR;
				CLANG_WARN_DOCUMENTATION_COMMENTS = YES;
				CLANG_WARN_EMPTY_BODY = YES;
				CLANG_WARN_ENUM_CONVERSION = YES;
				CLANG_WARN_INFINITE_RECURSION = YES;
				CLANG_WARN_INT_CONVERSION = YES;
				CLANG_WARN_NON_LITERAL_NULL_CONVERSION = YES;
				CLANG_WARN_OBJC_LITERAL_CONVERSION = YES;
				CLANG_WARN_OBJC_ROOT_CLASS = YES_ERROR;
				CLANG_WARN_RANGE_LOOP_ANALYSIS = YES;
				CLANG_WARN_STRICT_PROTOTYPES = YES;
				CLANG_WARN_SUSPICIOUS_MOVE = YES;
				CLANG_WARN_UNGUARDED_AVAILABILITY = YES_AGGRESSIVE;
				CLANG_WARN_UNREACHABLE_CODE = YES;
				CLANG_WARN__DUPLICATE_METHOD_MATCH = YES;
				CODE_SIGN_IDENTITY = "iPhone Developer";
				COPY_PHASE_STRIP = NO;
				DEBUG_INFORMATION_FORMAT = dwarf;
				ENABLE_STRICT_OBJC_MSGSEND = YES;
				ENABLE_TESTABILITY = YES;
				GCC_C_LANGUAGE_STANDARD = gnu11;
				GCC_DYNAMIC_NO_PIC = NO;
				GCC_NO_COMMON_BLOCKS = YES;
				GCC_OPTIMIZATION_LEVEL = 0;
				GCC_PREPROCESSOR_DEFINITIONS = (
					"DEBUG=1",
					"$(inherited)",
				);
				GCC_WARN_64_TO_32_BIT_CONVERSION = YES;
				GCC_WARN_ABOUT_RETURN_TYPE = YES_ERROR;
				GCC_WARN_UNDECLARED_SELECTOR = YES;
				GCC_WARN_UNINITIALIZED_AUTOS = YES_AGGRESSIVE;
				GCC_WARN_UNUSED_FUNCTION = YES;
				GCC_WARN_UNUSED_VARIABLE = YES;
				IPHONEOS_DEPLOYMENT_TARGET = 11.2;
				MTL_ENABLE_DEBUG_INFO = YES;
				ONLY_ACTIVE_ARCH = YES;
				SDKROOT = iphoneos;
				SWIFT_ACTIVE_COMPILATION_CONDITIONS = DEBUG;
				SWIFT_OPTIMIZATION_LEVEL = "-Onone";
			};
			name = Debug;
		};
		98E68B472007899900C55173 /* Release */ = {
			isa = XCBuildConfiguration;
			buildSettings = {
				ALWAYS_SEARCH_USER_PATHS = NO;
				CLANG_ANALYZER_NONNULL = YES;
				CLANG_ANALYZER_NUMBER_OBJECT_CONVERSION = YES_AGGRESSIVE;
				CLANG_CXX_LANGUAGE_STANDARD = "gnu++14";
				CLANG_CXX_LIBRARY = "libc++";
				CLANG_ENABLE_MODULES = YES;
				CLANG_ENABLE_OBJC_ARC = YES;
				CLANG_WARN_BLOCK_CAPTURE_AUTORELEASING = YES;
				CLANG_WARN_BOOL_CONVERSION = YES;
				CLANG_WARN_COMMA = YES;
				CLANG_WARN_CONSTANT_CONVERSION = YES;
				CLANG_WARN_DIRECT_OBJC_ISA_USAGE = YES_ERROR;
				CLANG_WARN_DOCUMENTATION_COMMENTS = YES;
				CLANG_WARN_EMPTY_BODY = YES;
				CLANG_WARN_ENUM_CONVERSION = YES;
				CLANG_WARN_INFINITE_RECURSION = YES;
				CLANG_WARN_INT_CONVERSION = YES;
				CLANG_WARN_NON_LITERAL_NULL_CONVERSION = YES;
				CLANG_WARN_OBJC_LITERAL_CONVERSION = YES;
				CLANG_WARN_OBJC_ROOT_CLASS = YES_ERROR;
				CLANG_WARN_RANGE_LOOP_ANALYSIS = YES;
				CLANG_WARN_STRICT_PROTOTYPES = YES;
				CLANG_WARN_SUSPICIOUS_MOVE = YES;
				CLANG_WARN_UNGUARDED_AVAILABILITY = YES_AGGRESSIVE;
				CLANG_WARN_UNREACHABLE_CODE = YES;
				CLANG_WARN__DUPLICATE_METHOD_MATCH = YES;
				CODE_SIGN_IDENTITY = "iPhone Developer";
				COPY_PHASE_STRIP = NO;
				DEBUG_INFORMATION_FORMAT = "dwarf-with-dsym";
				ENABLE_NS_ASSERTIONS = NO;
				ENABLE_STRICT_OBJC_MSGSEND = YES;
				GCC_C_LANGUAGE_STANDARD = gnu11;
				GCC_NO_COMMON_BLOCKS = YES;
				GCC_WARN_64_TO_32_BIT_CONVERSION = YES;
				GCC_WARN_ABOUT_RETURN_TYPE = YES_ERROR;
				GCC_WARN_UNDECLARED_SELECTOR = YES;
				GCC_WARN_UNINITIALIZED_AUTOS = YES_AGGRESSIVE;
				GCC_WARN_UNUSED_FUNCTION = YES;
				GCC_WARN_UNUSED_VARIABLE = YES;
				IPHONEOS_DEPLOYMENT_TARGET = 11.2;
				MTL_ENABLE_DEBUG_INFO = NO;
				SDKROOT = iphoneos;
				SWIFT_OPTIMIZATION_LEVEL = "-Owholemodule";
				VALIDATE_PRODUCT = YES;
			};
			name = Release;
		};
		98E68B492007899900C55173 /* Debug */ = {
			isa = XCBuildConfiguration;
			baseConfigurationReference = A14708D989CDBED02ABB6FA2 /* Pods-bio.debug.xcconfig */;
			buildSettings = {
				ASSETCATALOG_COMPILER_APPICON_NAME = AppIcon;
				CODE_SIGN_ENTITLEMENTS = bio/bio.entitlements;
				"CODE_SIGN_IDENTITY[sdk=iphoneos*]" = "iPhone Developer";
				CODE_SIGN_STYLE = Automatic;
				DEVELOPMENT_TEAM = 5762VEA4LK;
				INFOPLIST_FILE = bio/Info.plist;
				LD_RUNPATH_SEARCH_PATHS = "$(inherited) @executable_path/Frameworks";
				PRODUCT_BUNDLE_IDENTIFIER = com.bjornorri.bio;
				PRODUCT_NAME = "$(TARGET_NAME)";
				PROVISIONING_PROFILE = "";
				PROVISIONING_PROFILE_SPECIFIER = "";
				SWIFT_VERSION = 4.0;
				TARGETED_DEVICE_FAMILY = "1,2";
			};
			name = Debug;
		};
		98E68B4A2007899900C55173 /* Release */ = {
			isa = XCBuildConfiguration;
			baseConfigurationReference = 794112E55412391B1CA68A2E /* Pods-bio.release.xcconfig */;
			buildSettings = {
				ASSETCATALOG_COMPILER_APPICON_NAME = AppIcon;
				CODE_SIGN_ENTITLEMENTS = bio/bio.entitlements;
				"CODE_SIGN_IDENTITY[sdk=iphoneos*]" = "iPhone Developer";
				CODE_SIGN_STYLE = Automatic;
				DEVELOPMENT_TEAM = 5762VEA4LK;
				INFOPLIST_FILE = bio/Info.plist;
				LD_RUNPATH_SEARCH_PATHS = "$(inherited) @executable_path/Frameworks";
				PRODUCT_BUNDLE_IDENTIFIER = com.bjornorri.bio;
				PRODUCT_NAME = "$(TARGET_NAME)";
				PROVISIONING_PROFILE = "";
				PROVISIONING_PROFILE_SPECIFIER = "";
				SWIFT_VERSION = 4.0;
				TARGETED_DEVICE_FAMILY = "1,2";
			};
			name = Release;
		};
/* End XCBuildConfiguration section */

/* Begin XCConfigurationList section */
		98E68B312007899900C55173 /* Build configuration list for PBXProject "bio" */ = {
			isa = XCConfigurationList;
			buildConfigurations = (
				98E68B462007899900C55173 /* Debug */,
				98E68B472007899900C55173 /* Release */,
			);
			defaultConfigurationIsVisible = 0;
			defaultConfigurationName = Release;
		};
		98E68B482007899900C55173 /* Build configuration list for PBXNativeTarget "bio" */ = {
			isa = XCConfigurationList;
			buildConfigurations = (
				98E68B492007899900C55173 /* Debug */,
				98E68B4A2007899900C55173 /* Release */,
			);
			defaultConfigurationIsVisible = 0;
			defaultConfigurationName = Release;
		};
/* End XCConfigurationList section */
	};
	rootObject = 98E68B2E2007899900C55173 /* Project object */;
}
