PODS:
  - Alamofire (4.6.0)
  - Crashlytics (3.9.3):
    - Fabric (~> 1.7.2)
  - Fabric (1.7.2)
  - ionicons (2.1.1)
  - Kingfisher (4.6.1)
  - MMParallaxCell (1.2)
  - RxCocoa (4.1.2):
    - RxSwift (~> 4.0)
  - RxSwift (4.1.2)
  - SimulatorStatusMagic (2.1)
  - SnapKit (4.0.0)
  - SwiftyJSON (4.0.0)
  - XCDYouTubeKit (2.5.6)

DEPENDENCIES:
  - Alamofire (~> 4.5)
  - Crashlytics
  - Fabric
  - ionicons
  - Kingfisher
  - MMParallaxCell
  - RxCocoa (~> 4.0)
  - RxSwift (~> 4.0)
  - SimulatorStatusMagic
  - SnapKit (~> 4.0)
  - SwiftyJSON
  - XCDYouTubeKit (~> 2.5)

SPEC CHECKSUMS:
  Alamofire: f41a599bd63041760b26d393ec1069d9d7b917f4
  Crashlytics: dbb07d01876c171c5ccbdf7826410380189e452c
  Fabric: 9cd6a848efcf1b8b07497e0b6a2e7d336353ba15
  ionicons: 630bcd2c2970741c3359e3a35ad544e71d3c086b
  Kingfisher: 1f9157d9c02b380cbd0b7cc890161195164eb634
  MMParallaxCell: 9c9045097743b725076c38ed2c53e3790e90bd14
  RxCocoa: d88ba0f1f6abf040011a9eb4b539324fc426843a
  RxSwift: e49536837d9901277638493ea537394d4b55f570
  SimulatorStatusMagic: 481558caf2b9ccb2ceba2cc193728d4db3dcac07
  SnapKit: a42d492c16e80209130a3379f73596c3454b7694
  SwiftyJSON: 070dabdcb1beb81b247c65ffa3a79dbbfb3b48aa
  XCDYouTubeKit: dccfe0c17dd5c5187969ec27e93069573badb08f

PODFILE CHECKSUM: f90e3b6d8f6047b5a0e2e4dc69a86b2c6bdf512e

COCOAPODS: 1.4.0
